// !$*UTF8*$!
{
	archiveVersion = 1;
	classes = {
	};
	objectVersion = 46;
	objects = {

/* Begin PBXBuildFile section */
		4C340AE81CE2FBE700905D77 /* AppDelegate.swift in Sources */ = {isa = PBXBuildFile; fileRef = 4C340AE71CE2FBE700905D77 /* AppDelegate.swift */; };
		4C340AEA1CE2FBE700905D77 /* ViewController.swift in Sources */ = {isa = PBXBuildFile; fileRef = 4C340AE91CE2FBE700905D77 /* ViewController.swift */; };
		4C340AED1CE2FBE700905D77 /* Main.storyboard in Resources */ = {isa = PBXBuildFile; fileRef = 4C340AEB1CE2FBE700905D77 /* Main.storyboard */; };
		4C340AEF1CE2FBE700905D77 /* Assets.xcassets in Resources */ = {isa = PBXBuildFile; fileRef = 4C340AEE1CE2FBE700905D77 /* Assets.xcassets */; };
		4C340AF21CE2FBE700905D77 /* LaunchScreen.storyboard in Resources */ = {isa = PBXBuildFile; fileRef = 4C340AF01CE2FBE700905D77 /* LaunchScreen.storyboard */; };
		4C340AFD1CE2FBE700905D77 /* Swipe___ShakesTests.swift in Sources */ = {isa = PBXBuildFile; fileRef = 4C340AFC1CE2FBE700905D77 /* Swipe___ShakesTests.swift */; };
		4C340B081CE2FBE700905D77 /* Swipe___ShakesUITests.swift in Sources */ = {isa = PBXBuildFile; fileRef = 4C340B071CE2FBE700905D77 /* Swipe___ShakesUITests.swift */; };
/* End PBXBuildFile section */

/* Begin PBXContainerItemProxy section */
		4C340AF91CE2FBE700905D77 /* PBXContainerItemProxy */ = {
			isa = PBXContainerItemProxy;
			containerPortal = 4C340ADC1CE2FBE600905D77 /* Project object */;
			proxyType = 1;
			remoteGlobalIDString = 4C340AE31CE2FBE600905D77;
			remoteInfo = "Swipe & Shakes";
		};
		4C340B041CE2FBE700905D77 /* PBXContainerItemProxy */ = {
			isa = PBXContainerItemProxy;
			containerPortal = 4C340ADC1CE2FBE600905D77 /* Project object */;
			proxyType = 1;
			remoteGlobalIDString = 4C340AE31CE2FBE600905D77;
			remoteInfo = "Swipe & Shakes";
		};
/* End PBXContainerItemProxy section */

/* Begin PBXFileReference section */
		4C340AE41CE2FBE600905D77 /* Swipe & Shakes.app */ = {isa = PBXFileReference; explicitFileType = wrapper.application; includeInIndex = 0; path = "Swipe & Shakes.app"; sourceTree = BUILT_PRODUCTS_DIR; };
		4C340AE71CE2FBE700905D77 /* AppDelegate.swift */ = {isa = PBXFileReference; lastKnownFileType = sourcecode.swift; path = AppDelegate.swift; sourceTree = "<group>"; };
		4C340AE91CE2FBE700905D77 /* ViewController.swift */ = {isa = PBXFileReference; lastKnownFileType = sourcecode.swift; path = ViewController.swift; sourceTree = "<group>"; };
		4C340AEC1CE2FBE700905D77 /* Base */ = {isa = PBXFileReference; lastKnownFileType = file.storyboard; name = Base; path = Base.lproj/Main.storyboard; sourceTree = "<group>"; };
		4C340AEE1CE2FBE700905D77 /* Assets.xcassets */ = {isa = PBXFileReference; lastKnownFileType = folder.assetcatalog; path = Assets.xcassets; sourceTree = "<group>"; };
		4C340AF11CE2FBE700905D77 /* Base */ = {isa = PBXFileReference; lastKnownFileType = file.storyboard; name = Base; path = Base.lproj/LaunchScreen.storyboard; sourceTree = "<group>"; };
		4C340AF31CE2FBE700905D77 /* Info.plist */ = {isa = PBXFileReference; lastKnownFileType = text.plist.xml; path = Info.plist; sourceTree = "<group>"; };
		4C340AF81CE2FBE700905D77 /* Swipe & ShakesTests.xctest */ = {isa = PBXFileReference; explicitFileType = wrapper.cfbundle; includeInIndex = 0; path = "Swipe & ShakesTests.xctest"; sourceTree = BUILT_PRODUCTS_DIR; };
		4C340AFC1CE2FBE700905D77 /* Swipe___ShakesTests.swift */ = {isa = PBXFileReference; lastKnownFileType = sourcecode.swift; path = "Swipe___ShakesTests.swift"; sourceTree = "<group>"; };
		4C340AFE1CE2FBE700905D77 /* Info.plist */ = {isa = PBXFileReference; lastKnownFileType = text.plist.xml; path = Info.plist; sourceTree = "<group>"; };
		4C340B031CE2FBE700905D77 /* Swipe & ShakesUITests.xctest */ = {isa = PBXFileReference; explicitFileType = wrapper.cfbundle; includeInIndex = 0; path = "Swipe & ShakesUITests.xctest"; sourceTree = BUILT_PRODUCTS_DIR; };
		4C340B071CE2FBE700905D77 /* Swipe___ShakesUITests.swift */ = {isa = PBXFileReference; lastKnownFileType = sourcecode.swift; path = "Swipe___ShakesUITests.swift"; sourceTree = "<group>"; };
		4C340B091CE2FBE700905D77 /* Info.plist */ = {isa = PBXFileReference; lastKnownFileType = text.plist.xml; path = Info.plist; sourceTree = "<group>"; };
/* End PBXFileReference section */

/* Begin PBXFrameworksBuildPhase section */
		4C340AE11CE2FBE600905D77 /* Frameworks */ = {
			isa = PBXFrameworksBuildPhase;
			buildActionMask = 2147483647;
			files = (
			);
			runOnlyForDeploymentPostprocessing = 0;
		};
		4C340AF51CE2FBE700905D77 /* Frameworks */ = {
			isa = PBXFrameworksBuildPhase;
			buildActionMask = 2147483647;
			files = (
			);
			runOnlyForDeploymentPostprocessing = 0;
		};
		4C340B001CE2FBE700905D77 /* Frameworks */ = {
			isa = PBXFrameworksBuildPhase;
			buildActionMask = 2147483647;
			files = (
			);
			runOnlyForDeploymentPostprocessing = 0;
		};
/* End PBXFrameworksBuildPhase section */

/* Begin PBXGroup section */
		4C340ADB1CE2FBE600905D77 = {
			isa = PBXGroup;
			children = (
				4C340AE61CE2FBE700905D77 /* Swipe & Shakes */,
				4C340AFB1CE2FBE700905D77 /* Swipe & ShakesTests */,
				4C340B061CE2FBE700905D77 /* Swipe & ShakesUITests */,
				4C340AE51CE2FBE600905D77 /* Products */,
			);
			sourceTree = "<group>";
		};
		4C340AE51CE2FBE600905D77 /* Products */ = {
			isa = PBXGroup;
			children = (
				4C340AE41CE2FBE600905D77 /* Swipe & Shakes.app */,
				4C340AF81CE2FBE700905D77 /* Swipe & ShakesTests.xctest */,
				4C340B031CE2FBE700905D77 /* Swipe & ShakesUITests.xctest */,
			);
			name = Products;
			sourceTree = "<group>";
		};
		4C340AE61CE2FBE700905D77 /* Swipe & Shakes */ = {
			isa = PBXGroup;
			children = (
				4C340AE71CE2FBE700905D77 /* AppDelegate.swift */,
				4C340AE91CE2FBE700905D77 /* ViewController.swift */,
				4C340AEB1CE2FBE700905D77 /* Main.storyboard */,
				4C340AEE1CE2FBE700905D77 /* Assets.xcassets */,
				4C340AF01CE2FBE700905D77 /* LaunchScreen.storyboard */,
				4C340AF31CE2FBE700905D77 /* Info.plist */,
			);
			path = "Swipe & Shakes";
			sourceTree = "<group>";
		};
		4C340AFB1CE2FBE700905D77 /* Swipe & ShakesTests */ = {
			isa = PBXGroup;
			children = (
				4C340AFC1CE2FBE700905D77 /* Swipe___ShakesTests.swift */,
				4C340AFE1CE2FBE700905D77 /* Info.plist */,
			);
			path = "Swipe & ShakesTests";
			sourceTree = "<group>";
		};
		4C340B061CE2FBE700905D77 /* Swipe & ShakesUITests */ = {
			isa = PBXGroup;
			children = (
				4C340B071CE2FBE700905D77 /* Swipe___ShakesUITests.swift */,
				4C340B091CE2FBE700905D77 /* Info.plist */,
			);
			path = "Swipe & ShakesUITests";
			sourceTree = "<group>";
		};
/* End PBXGroup section */

/* Begin PBXNativeTarget section */
		4C340AE31CE2FBE600905D77 /* Swipe & Shakes */ = {
			isa = PBXNativeTarget;
			buildConfigurationList = 4C340B0C1CE2FBE700905D77 /* Build configuration list for PBXNativeTarget "Swipe & Shakes" */;
			buildPhases = (
				4C340AE01CE2FBE600905D77 /* Sources */,
				4C340AE11CE2FBE600905D77 /* Frameworks */,
				4C340AE21CE2FBE600905D77 /* Resources */,
			);
			buildRules = (
			);
			dependencies = (
			);
			name = "Swipe & Shakes";
			productName = "Swipe & Shakes";
			productReference = 4C340AE41CE2FBE600905D77 /* Swipe & Shakes.app */;
			productType = "com.apple.product-type.application";
		};
		4C340AF71CE2FBE700905D77 /* Swipe & ShakesTests */ = {
			isa = PBXNativeTarget;
			buildConfigurationList = 4C340B0F1CE2FBE700905D77 /* Build configuration list for PBXNativeTarget "Swipe & ShakesTests" */;
			buildPhases = (
				4C340AF41CE2FBE700905D77 /* Sources */,
				4C340AF51CE2FBE700905D77 /* Frameworks */,
				4C340AF61CE2FBE700905D77 /* Resources */,
			);
			buildRules = (
			);
			dependencies = (
				4C340AFA1CE2FBE700905D77 /* PBXTargetDependency */,
			);
			name = "Swipe & ShakesTests";
			productName = "Swipe & ShakesTests";
			productReference = 4C340AF81CE2FBE700905D77 /* Swipe & ShakesTests.xctest */;
			productType = "com.apple.product-type.bundle.unit-test";
		};
		4C340B021CE2FBE700905D77 /* Swipe & ShakesUITests */ = {
			isa = PBXNativeTarget;
			buildConfigurationList = 4C340B121CE2FBE700905D77 /* Build configuration list for PBXNativeTarget "Swipe & ShakesUITests" */;
			buildPhases = (
				4C340AFF1CE2FBE700905D77 /* Sources */,
				4C340B001CE2FBE700905D77 /* Frameworks */,
				4C340B011CE2FBE700905D77 /* Resources */,
			);
			buildRules = (
			);
			dependencies = (
				4C340B051CE2FBE700905D77 /* PBXTargetDependency */,
			);
			name = "Swipe & ShakesUITests";
			productName = "Swipe & ShakesUITests";
			productReference = 4C340B031CE2FBE700905D77 /* Swipe & ShakesUITests.xctest */;
			productType = "com.apple.product-type.bundle.ui-testing";
		};
/* End PBXNativeTarget section */

/* Begin PBXProject section */
		4C340ADC1CE2FBE600905D77 /* Project object */ = {
			isa = PBXProject;
			attributes = {
				LastSwiftUpdateCheck = 0730;
				LastUpgradeCheck = 0730;
				ORGANIZATIONNAME = clinz;
				TargetAttributes = {
					4C340AE31CE2FBE600905D77 = {
						CreatedOnToolsVersion = 7.3.1;
						DevelopmentTeam = 44SZVX3SA5;
					};
					4C340AF71CE2FBE700905D77 = {
						CreatedOnToolsVersion = 7.3.1;
						DevelopmentTeam = 44SZVX3SA5;
						TestTargetID = 4C340AE31CE2FBE600905D77;
					};
					4C340B021CE2FBE700905D77 = {
						CreatedOnToolsVersion = 7.3.1;
						DevelopmentTeam = 44SZVX3SA5;
						TestTargetID = 4C340AE31CE2FBE600905D77;
					};
				};
			};
			buildConfigurationList = 4C340ADF1CE2FBE600905D77 /* Build configuration list for PBXProject "Swipe & Shakes" */;
			compatibilityVersion = "Xcode 3.2";
			developmentRegion = English;
			hasScannedForEncodings = 0;
			knownRegions = (
				en,
				Base,
			);
			mainGroup = 4C340ADB1CE2FBE600905D77;
			productRefGroup = 4C340AE51CE2FBE600905D77 /* Products */;
			projectDirPath = "";
			projectRoot = "";
			targets = (
				4C340AE31CE2FBE600905D77 /* Swipe & Shakes */,
				4C340AF71CE2FBE700905D77 /* Swipe & ShakesTests */,
				4C340B021CE2FBE700905D77 /* Swipe & ShakesUITests */,
			);
		};
/* End PBXProject section */

/* Begin PBXResourcesBuildPhase section */
		4C340AE21CE2FBE600905D77 /* Resources */ = {
			isa = PBXResourcesBuildPhase;
			buildActionMask = 2147483647;
			files = (
				4C340AF21CE2FBE700905D77 /* LaunchScreen.storyboard in Resources */,
				4C340AEF1CE2FBE700905D77 /* Assets.xcassets in Resources */,
				4C340AED1CE2FBE700905D77 /* Main.storyboard in Resources */,
			);
			runOnlyForDeploymentPostprocessing = 0;
		};
		4C340AF61CE2FBE700905D77 /* Resources */ = {
			isa = PBXResourcesBuildPhase;
			buildActionMask = 2147483647;
			files = (
			);
			runOnlyForDeploymentPostprocessing = 0;
		};
		4C340B011CE2FBE700905D77 /* Resources */ = {
			isa = PBXResourcesBuildPhase;
			buildActionMask = 2147483647;
			files = (
			);
			runOnlyForDeploymentPostprocessing = 0;
		};
/* End PBXResourcesBuildPhase section */

/* Begin PBXSourcesBuildPhase section */
		4C340AE01CE2FBE600905D77 /* Sources */ = {
			isa = PBXSourcesBuildPhase;
			buildActionMask = 2147483647;
			files = (
				4C340AEA1CE2FBE700905D77 /* ViewController.swift in Sources */,
				4C340AE81CE2FBE700905D77 /* AppDelegate.swift in Sources */,
			);
			runOnlyForDeploymentPostprocessing = 0;
		};
		4C340AF41CE2FBE700905D77 /* Sources */ = {
			isa = PBXSourcesBuildPhase;
			buildActionMask = 2147483647;
			files = (
				4C340AFD1CE2FBE700905D77 /* Swipe___ShakesTests.swift in Sources */,
			);
			runOnlyForDeploymentPostprocessing = 0;
		};
		4C340AFF1CE2FBE700905D77 /* Sources */ = {
			isa = PBXSourcesBuildPhase;
			buildActionMask = 2147483647;
			files = (
				4C340B081CE2FBE700905D77 /* Swipe___ShakesUITests.swift in Sources */,
			);
			runOnlyForDeploymentPostprocessing = 0;
		};
/* End PBXSourcesBuildPhase section */

/* Begin PBXTargetDependency section */
		4C340AFA1CE2FBE700905D77 /* PBXTargetDependency */ = {
			isa = PBXTargetDependency;
			target = 4C340AE31CE2FBE600905D77 /* Swipe & Shakes */;
			targetProxy = 4C340AF91CE2FBE700905D77 /* PBXContainerItemProxy */;
		};
		4C340B051CE2FBE700905D77 /* PBXTargetDependency */ = {
			isa = PBXTargetDependency;
			target = 4C340AE31CE2FBE600905D77 /* Swipe & Shakes */;
			targetProxy = 4C340B041CE2FBE700905D77 /* PBXContainerItemProxy */;
		};
/* End PBXTargetDependency section */

/* Begin PBXVariantGroup section */
		4C340AEB1CE2FBE700905D77 /* Main.storyboard */ = {
			isa = PBXVariantGroup;
			children = (
				4C340AEC1CE2FBE700905D77 /* Base */,
			);
			name = Main.storyboard;
			sourceTree = "<group>";
		};
		4C340AF01CE2FBE700905D77 /* LaunchScreen.storyboard */ = {
			isa = PBXVariantGroup;
			children = (
				4C340AF11CE2FBE700905D77 /* Base */,
			);
			name = LaunchScreen.storyboard;
			sourceTree = "<group>";
		};
/* End PBXVariantGroup section */

/* Begin XCBuildConfiguration section */
		4C340B0A1CE2FBE700905D77 /* Debug */ = {
			isa = XCBuildConfiguration;
			buildSettings = {
				ALWAYS_SEARCH_USER_PATHS = NO;
				CLANG_ANALYZER_NONNULL = YES;
				CLANG_CXX_LANGUAGE_STANDARD = "gnu++0x";
				CLANG_CXX_LIBRARY = "libc++";
				CLANG_ENABLE_MODULES = YES;
				CLANG_ENABLE_OBJC_ARC = YES;
				CLANG_WARN_BOOL_CONVERSION = YES;
				CLANG_WARN_CONSTANT_CONVERSION = YES;
				CLANG_WARN_DIRECT_OBJC_ISA_USAGE = YES_ERROR;
				CLANG_WARN_EMPTY_BODY = YES;
				CLANG_WARN_ENUM_CONVERSION = YES;
				CLANG_WARN_INT_CONVERSION = YES;
				CLANG_WARN_OBJC_ROOT_CLASS = YES_ERROR;
				CLANG_WARN_UNREACHABLE_CODE = YES;
				CLANG_WARN__DUPLICATE_METHOD_MATCH = YES;
				"CODE_SIGN_IDENTITY[sdk=iphoneos*]" = "iPhone Developer";
				COPY_PHASE_STRIP = NO;
				DEBUG_INFORMATION_FORMAT = dwarf;
				ENABLE_STRICT_OBJC_MSGSEND = YES;
				ENABLE_TESTABILITY = YES;
				GCC_C_LANGUAGE_STANDARD = gnu99;
				GCC_DYNAMIC_NO_PIC = NO;
				GCC_NO_COMMON_BLOCKS = YES;
				GCC_OPTIMIZATION_LEVEL = 0;
				GCC_PREPROCESSOR_DEFINITIONS = (
					"DEBUG=1",
					"$(inherited)",
				);
				GCC_WARN_64_TO_32_BIT_CONVERSION = YES;
				GCC_WARN_ABOUT_RETURN_TYPE = YES_ERROR;
				GCC_WARN_UNDECLARED_SELECTOR = YES;
				GCC_WARN_UNINITIALIZED_AUTOS = YES_AGGRESSIVE;
				GCC_WARN_UNUSED_FUNCTION = YES;
				GCC_WARN_UNUSED_VARIABLE = YES;
				IPHONEOS_DEPLOYMENT_TARGET = 9.3;
				MTL_ENABLE_DEBUG_INFO = YES;
				ONLY_ACTIVE_ARCH = YES;
				SDKROOT = iphoneos;
				SWIFT_OPTIMIZATION_LEVEL = "-Onone";
			};
			name = Debug;
		};
		4C340B0B1CE2FBE700905D77 /* Release */ = {
			isa = XCBuildConfiguration;
			buildSettings = {
				ALWAYS_SEARCH_USER_PATHS = NO;
				CLANG_ANALYZER_NONNULL = YES;
				CLANG_CXX_LANGUAGE_STANDARD = "gnu++0x";
				CLANG_CXX_LIBRARY = "libc++";
				CLANG_ENABLE_MODULES = YES;
				CLANG_ENABLE_OBJC_ARC = YES;
				CLANG_WARN_BOOL_CONVERSION = YES;
				CLANG_WARN_CONSTANT_CONVERSION = YES;
				CLANG_WARN_DIRECT_OBJC_ISA_USAGE = YES_ERROR;
				CLANG_WARN_EMPTY_BODY = YES;
				CLANG_WARN_ENUM_CONVERSION = YES;
				CLANG_WARN_INT_CONVERSION = YES;
				CLANG_WARN_OBJC_ROOT_CLASS = YES_ERROR;
				CLANG_WARN_UNREACHABLE_CODE = YES;
				CLANG_WARN__DUPLICATE_METHOD_MATCH = YES;
				"CODE_SIGN_IDENTITY[sdk=iphoneos*]" = "iPhone Developer";
				COPY_PHASE_STRIP = NO;
				DEBUG_INFORMATION_FORMAT = "dwarf-with-dsym";
				ENABLE_NS_ASSERTIONS = NO;
				ENABLE_STRICT_OBJC_MSGSEND = YES;
				GCC_C_LANGUAGE_STANDARD = gnu99;
				GCC_NO_COMMON_BLOCKS = YES;
				GCC_WARN_64_TO_32_BIT_CONVERSION = YES;
				GCC_WARN_ABOUT_RETURN_TYPE = YES_ERROR;
				GCC_WARN_UNDECLARED_SELECTOR = YES;
				GCC_WARN_UNINITIALIZED_AUTOS = YES_AGGRESSIVE;
				GCC_WARN_UNUSED_FUNCTION = YES;
				GCC_WARN_UNUSED_VARIABLE = YES;
				IPHONEOS_DEPLOYMENT_TARGET = 9.3;
				MTL_ENABLE_DEBUG_INFO = NO;
				SDKROOT = iphoneos;
				VALIDATE_PRODUCT = YES;
			};
			name = Release;
		};
		4C340B0D1CE2FBE700905D77 /* Debug */ = {
			isa = XCBuildConfiguration;
			buildSettings = {
				ASSETCATALOG_COMPILER_APPICON_NAME = AppIcon;
				INFOPLIST_FILE = "Swipe & Shakes/Info.plist";
				LD_RUNPATH_SEARCH_PATHS = "$(inherited) @executable_path/Frameworks";
				PRODUCT_BUNDLE_IDENTIFIER = "com.clinz.Swipe---Shakes";
				PRODUCT_NAME = "$(TARGET_NAME)";
			};
			name = Debug;
		};
		4C340B0E1CE2FBE700905D77 /* Release */ = {
			isa = XCBuildConfiguration;
			buildSettings = {
				ASSETCATALOG_COMPILER_APPICON_NAME = AppIcon;
				INFOPLIST_FILE = "Swipe & Shakes/Info.plist";
				LD_RUNPATH_SEARCH_PATHS = "$(inherited) @executable_path/Frameworks";
				PRODUCT_BUNDLE_IDENTIFIER = "com.clinz.Swipe---Shakes";
				PRODUCT_NAME = "$(TARGET_NAME)";
			};
			name = Release;
		};
		4C340B101CE2FBE700905D77 /* Debug */ = {
			isa = XCBuildConfiguration;
			buildSettings = {
				BUNDLE_LOADER = "$(TEST_HOST)";
				INFOPLIST_FILE = "Swipe & ShakesTests/Info.plist";
				LD_RUNPATH_SEARCH_PATHS = "$(inherited) @executable_path/Frameworks @loader_path/Frameworks";
				PRODUCT_BUNDLE_IDENTIFIER = "com.clinz.Swipe---ShakesTests";
				PRODUCT_NAME = "$(TARGET_NAME)";
				TEST_HOST = "$(BUILT_PRODUCTS_DIR)/Swipe & Shakes.app/Swipe & Shakes";
			};
			name = Debug;
		};
		4C340B111CE2FBE700905D77 /* Release */ = {
			isa = XCBuildConfiguration;
			buildSettings = {
				BUNDLE_LOADER = "$(TEST_HOST)";
				INFOPLIST_FILE = "Swipe & ShakesTests/Info.plist";
				LD_RUNPATH_SEARCH_PATHS = "$(inherited) @executable_path/Frameworks @loader_path/Frameworks";
				PRODUCT_BUNDLE_IDENTIFIER = "com.clinz.Swipe---ShakesTests";
				PRODUCT_NAME = "$(TARGET_NAME)";
				TEST_HOST = "$(BUILT_PRODUCTS_DIR)/Swipe & Shakes.app/Swipe & Shakes";
			};
			name = Release;
		};
		4C340B131CE2FBE700905D77 /* Debug */ = {
			isa = XCBuildConfiguration;
			buildSettings = {
				INFOPLIST_FILE = "Swipe & ShakesUITests/Info.plist";
				LD_RUNPATH_SEARCH_PATHS = "$(inherited) @executable_path/Frameworks @loader_path/Frameworks";
				PRODUCT_BUNDLE_IDENTIFIER = "com.clinz.Swipe---ShakesUITests";
				PRODUCT_NAME = "$(TARGET_NAME)";
				TEST_TARGET_NAME = "Swipe & Shakes";
			};
			name = Debug;
		};
		4C340B141CE2FBE700905D77 /* Release */ = {
			isa = XCBuildConfiguration;
			buildSettings = {
				INFOPLIST_FILE = "Swipe & ShakesUITests/Info.plist";
				LD_RUNPATH_SEARCH_PATHS = "$(inherited) @executable_path/Frameworks @loader_path/Frameworks";
				PRODUCT_BUNDLE_IDENTIFIER = "com.clinz.Swipe---ShakesUITests";
				PRODUCT_NAME = "$(TARGET_NAME)";
				TEST_TARGET_NAME = "Swipe & Shakes";
			};
			name = Release;
		};
/* End XCBuildConfiguration section */

/* Begin XCConfigurationList section */
		4C340ADF1CE2FBE600905D77 /* Build configuration list for PBXProject "Swipe & Shakes" */ = {
			isa = XCConfigurationList;
			buildConfigurations = (
				4C340B0A1CE2FBE700905D77 /* Debug */,
				4C340B0B1CE2FBE700905D77 /* Release */,
			);
			defaultConfigurationIsVisible = 0;
			defaultConfigurationName = Release;
		};
		4C340B0C1CE2FBE700905D77 /* Build configuration list for PBXNativeTarget "Swipe & Shakes" */ = {
			isa = XCConfigurationList;
			buildConfigurations = (
				4C340B0D1CE2FBE700905D77 /* Debug */,
				4C340B0E1CE2FBE700905D77 /* Release */,
			);
			defaultConfigurationIsVisible = 0;
		};
		4C340B0F1CE2FBE700905D77 /* Build configuration list for PBXNativeTarget "Swipe & ShakesTests" */ = {
			isa = XCConfigurationList;
			buildConfigurations = (
				4C340B101CE2FBE700905D77 /* Debug */,
				4C340B111CE2FBE700905D77 /* Release */,
			);
			defaultConfigurationIsVisible = 0;
		};
		4C340B121CE2FBE700905D77 /* Build configuration list for PBXNativeTarget "Swipe & ShakesUITests" */ = {
			isa = XCConfigurationList;
			buildConfigurations = (
				4C340B131CE2FBE700905D77 /* Debug */,
				4C340B141CE2FBE700905D77 /* Release */,
			);
			defaultConfigurationIsVisible = 0;
		};
/* End XCConfigurationList section */
	};
	rootObject = 4C340ADC1CE2FBE600905D77 /* Project object */;
}
